// !$*UTF8*$!
{
	archiveVersion = 1;
	classes = {
	};
	objectVersion = 56;
	objects = {

/* Begin PBXBuildFile section */
		9E79F7682BEA42BD00BDAB55 /* FloatingToolbar.swift in Sources */ = {isa = PBXBuildFile; fileRef = 9E79F7672BEA42BD00BDAB55 /* FloatingToolbar.swift */; };
		9E79F76A2BEA42F900BDAB55 /* WindowController.swift in Sources */ = {isa = PBXBuildFile; fileRef = 9E79F7692BEA42F900BDAB55 /* WindowController.swift */; };
		9ED37BBB2BE4FFB2006B5C58 /* RecordKitApp.swift in Sources */ = {isa = PBXBuildFile; fileRef = 9ED37BBA2BE4FFB2006B5C58 /* RecordKitApp.swift */; };
		9ED37BBD2BE4FFB2006B5C58 /* ContentView.swift in Sources */ = {isa = PBXBuildFile; fileRef = 9ED37BBC2BE4FFB2006B5C58 /* ContentView.swift */; };
		9ED37BBF2BE4FFB3006B5C58 /* Assets.xcassets in Resources */ = {isa = PBXBuildFile; fileRef = 9ED37BBE2BE4FFB3006B5C58 /* Assets.xcassets */; };
		9ED37BC22BE4FFB3006B5C58 /* Preview Assets.xcassets in Resources */ = {isa = PBXBuildFile; fileRef = 9ED37BC12BE4FFB3006B5C58 /* Preview Assets.xcassets */; };
		9ED37BCA2BE5001F006B5C58 /* RecordSetup.swift in Sources */ = {isa = PBXBuildFile; fileRef = 9ED37BC92BE5001F006B5C58 /* RecordSetup.swift */; };
		9EF0D5562BED1A2200145A0C /* ScreenRecorderHelper.swift in Sources */ = {isa = PBXBuildFile; fileRef = 9EF0D5552BED1A2200145A0C /* ScreenRecorderHelper.swift */; };
		9EF0D5582BED1C6A00145A0C /* ScreenCapture.swift in Sources */ = {isa = PBXBuildFile; fileRef = 9EF0D5572BED1C6A00145A0C /* ScreenCapture.swift */; };
		9EF0D55A2BED1CB100145A0C /* VideoPlayerWithCursorOverlay.swift in Sources */ = {isa = PBXBuildFile; fileRef = 9EF0D5592BED1CB100145A0C /* VideoPlayerWithCursorOverlay.swift */; };
		9EFC26382BEE78CC0074D6AB /* ThumbnailItem.swift in Sources */ = {isa = PBXBuildFile; fileRef = 9EFC26372BEE78CC0074D6AB /* ThumbnailItem.swift */; };
		9EFC263A2BEE82F80074D6AB /* VideoProcessor.swift in Sources */ = {isa = PBXBuildFile; fileRef = 9EFC26392BEE82F80074D6AB /* VideoProcessor.swift */; };
/* End PBXBuildFile section */

/* Begin PBXFileReference section */
		9E79F7672BEA42BD00BDAB55 /* FloatingToolbar.swift */ = {isa = PBXFileReference; lastKnownFileType = sourcecode.swift; path = FloatingToolbar.swift; sourceTree = "<group>"; };
		9E79F7692BEA42F900BDAB55 /* WindowController.swift */ = {isa = PBXFileReference; lastKnownFileType = sourcecode.swift; path = WindowController.swift; sourceTree = "<group>"; };
		9EA53F712BE93F4E00D273CC /* Info.plist */ = {isa = PBXFileReference; lastKnownFileType = text.plist; path = Info.plist; sourceTree = "<group>"; };
		9ED37BB72BE4FFB2006B5C58 /* RecordKit.app */ = {isa = PBXFileReference; explicitFileType = wrapper.application; includeInIndex = 0; path = RecordKit.app; sourceTree = BUILT_PRODUCTS_DIR; };
		9ED37BBA2BE4FFB2006B5C58 /* RecordKitApp.swift */ = {isa = PBXFileReference; lastKnownFileType = sourcecode.swift; path = RecordKitApp.swift; sourceTree = "<group>"; };
		9ED37BBC2BE4FFB2006B5C58 /* ContentView.swift */ = {isa = PBXFileReference; lastKnownFileType = sourcecode.swift; path = ContentView.swift; sourceTree = "<group>"; };
		9ED37BBE2BE4FFB3006B5C58 /* Assets.xcassets */ = {isa = PBXFileReference; lastKnownFileType = folder.assetcatalog; path = Assets.xcassets; sourceTree = "<group>"; };
		9ED37BC12BE4FFB3006B5C58 /* Preview Assets.xcassets */ = {isa = PBXFileReference; lastKnownFileType = folder.assetcatalog; path = "Preview Assets.xcassets"; sourceTree = "<group>"; };
		9ED37BC32BE4FFB3006B5C58 /* RecordKit.entitlements */ = {isa = PBXFileReference; lastKnownFileType = text.plist.entitlements; path = RecordKit.entitlements; sourceTree = "<group>"; };
		9ED37BC92BE5001F006B5C58 /* RecordSetup.swift */ = {isa = PBXFileReference; lastKnownFileType = sourcecode.swift; path = RecordSetup.swift; sourceTree = "<group>"; };
		9EF0D5552BED1A2200145A0C /* ScreenRecorderHelper.swift */ = {isa = PBXFileReference; lastKnownFileType = sourcecode.swift; path = ScreenRecorderHelper.swift; sourceTree = "<group>"; };
		9EF0D5572BED1C6A00145A0C /* ScreenCapture.swift */ = {isa = PBXFileReference; lastKnownFileType = sourcecode.swift; path = ScreenCapture.swift; sourceTree = "<group>"; };
		9EF0D5592BED1CB100145A0C /* VideoPlayerWithCursorOverlay.swift */ = {isa = PBXFileReference; lastKnownFileType = sourcecode.swift; path = VideoPlayerWithCursorOverlay.swift; sourceTree = "<group>"; };
		9EFC26372BEE78CC0074D6AB /* ThumbnailItem.swift */ = {isa = PBXFileReference; lastKnownFileType = sourcecode.swift; path = ThumbnailItem.swift; sourceTree = "<group>"; };
		9EFC26392BEE82F80074D6AB /* VideoProcessor.swift */ = {isa = PBXFileReference; lastKnownFileType = sourcecode.swift; path = VideoProcessor.swift; sourceTree = "<group>"; };
/* End PBXFileReference section */

/* Begin PBXFrameworksBuildPhase section */
		9ED37BB42BE4FFB2006B5C58 /* Frameworks */ = {
			isa = PBXFrameworksBuildPhase;
			buildActionMask = 2147483647;
			files = (
			);
			runOnlyForDeploymentPostprocessing = 0;
		};
/* End PBXFrameworksBuildPhase section */

/* Begin PBXGroup section */
		9ED37BAE2BE4FFB2006B5C58 = {
			isa = PBXGroup;
			children = (
				9ED37BB92BE4FFB2006B5C58 /* RecordKit */,
				9ED37BB82BE4FFB2006B5C58 /* Products */,
			);
			sourceTree = "<group>";
		};
		9ED37BB82BE4FFB2006B5C58 /* Products */ = {
			isa = PBXGroup;
			children = (
				9ED37BB72BE4FFB2006B5C58 /* RecordKit.app */,
			);
			name = Products;
			sourceTree = "<group>";
		};
		9ED37BB92BE4FFB2006B5C58 /* RecordKit */ = {
			isa = PBXGroup;
			children = (
				9EA53F712BE93F4E00D273CC /* Info.plist */,
				9ED37BBA2BE4FFB2006B5C58 /* RecordKitApp.swift */,
				9EFC26372BEE78CC0074D6AB /* ThumbnailItem.swift */,
				9ED37BBC2BE4FFB2006B5C58 /* ContentView.swift */,
				9EFC26392BEE82F80074D6AB /* VideoProcessor.swift */,
				9EF0D5572BED1C6A00145A0C /* ScreenCapture.swift */,
				9EF0D5592BED1CB100145A0C /* VideoPlayerWithCursorOverlay.swift */,
				9EF0D5552BED1A2200145A0C /* ScreenRecorderHelper.swift */,
				9E79F7672BEA42BD00BDAB55 /* FloatingToolbar.swift */,
				9E79F7692BEA42F900BDAB55 /* WindowController.swift */,
				9ED37BC92BE5001F006B5C58 /* RecordSetup.swift */,
				9ED37BBE2BE4FFB3006B5C58 /* Assets.xcassets */,
				9ED37BC32BE4FFB3006B5C58 /* RecordKit.entitlements */,
				9ED37BC02BE4FFB3006B5C58 /* Preview Content */,
			);
			path = RecordKit;
			sourceTree = "<group>";
		};
		9ED37BC02BE4FFB3006B5C58 /* Preview Content */ = {
			isa = PBXGroup;
			children = (
				9ED37BC12BE4FFB3006B5C58 /* Preview Assets.xcassets */,
			);
			path = "Preview Content";
			sourceTree = "<group>";
		};
/* End PBXGroup section */

/* Begin PBXNativeTarget section */
		9ED37BB62BE4FFB2006B5C58 /* RecordKit */ = {
			isa = PBXNativeTarget;
			buildConfigurationList = 9ED37BC62BE4FFB3006B5C58 /* Build configuration list for PBXNativeTarget "RecordKit" */;
			buildPhases = (
				9ED37BB32BE4FFB2006B5C58 /* Sources */,
				9ED37BB42BE4FFB2006B5C58 /* Frameworks */,
				9ED37BB52BE4FFB2006B5C58 /* Resources */,
			);
			buildRules = (
			);
			dependencies = (
			);
			name = RecordKit;
			productName = RecordKit;
			productReference = 9ED37BB72BE4FFB2006B5C58 /* RecordKit.app */;
			productType = "com.apple.product-type.application";
		};
/* End PBXNativeTarget section */

/* Begin PBXProject section */
		9ED37BAF2BE4FFB2006B5C58 /* Project object */ = {
			isa = PBXProject;
			attributes = {
				BuildIndependentTargetsInParallel = 1;
				LastSwiftUpdateCheck = 1530;
				LastUpgradeCheck = 1530;
				TargetAttributes = {
					9ED37BB62BE4FFB2006B5C58 = {
						CreatedOnToolsVersion = 15.3;
					};
				};
			};
			buildConfigurationList = 9ED37BB22BE4FFB2006B5C58 /* Build configuration list for PBXProject "RecordKit" */;
			compatibilityVersion = "Xcode 14.0";
			developmentRegion = en;
			hasScannedForEncodings = 0;
			knownRegions = (
				en,
				Base,
			);
			mainGroup = 9ED37BAE2BE4FFB2006B5C58;
			productRefGroup = 9ED37BB82BE4FFB2006B5C58 /* Products */;
			projectDirPath = "";
			projectRoot = "";
			targets = (
				9ED37BB62BE4FFB2006B5C58 /* RecordKit */,
			);
		};
/* End PBXProject section */

/* Begin PBXResourcesBuildPhase section */
		9ED37BB52BE4FFB2006B5C58 /* Resources */ = {
			isa = PBXResourcesBuildPhase;
			buildActionMask = 2147483647;
			files = (
				9ED37BC22BE4FFB3006B5C58 /* Preview Assets.xcassets in Resources */,
				9ED37BBF2BE4FFB3006B5C58 /* Assets.xcassets in Resources */,
			);
			runOnlyForDeploymentPostprocessing = 0;
		};
/* End PBXResourcesBuildPhase section */

/* Begin PBXSourcesBuildPhase section */
		9ED37BB32BE4FFB2006B5C58 /* Sources */ = {
			isa = PBXSourcesBuildPhase;
			buildActionMask = 2147483647;
			files = (
				9EFC263A2BEE82F80074D6AB /* VideoProcessor.swift in Sources */,
				9ED37BBD2BE4FFB2006B5C58 /* ContentView.swift in Sources */,
				9EF0D55A2BED1CB100145A0C /* VideoPlayerWithCursorOverlay.swift in Sources */,
				9E79F76A2BEA42F900BDAB55 /* WindowController.swift in Sources */,
				9EFC26382BEE78CC0074D6AB /* ThumbnailItem.swift in Sources */,
				9ED37BBB2BE4FFB2006B5C58 /* RecordKitApp.swift in Sources */,
				9EF0D5562BED1A2200145A0C /* ScreenRecorderHelper.swift in Sources */,
				9EF0D5582BED1C6A00145A0C /* ScreenCapture.swift in Sources */,
				9ED37BCA2BE5001F006B5C58 /* RecordSetup.swift in Sources */,
				9E79F7682BEA42BD00BDAB55 /* FloatingToolbar.swift in Sources */,
			);
			runOnlyForDeploymentPostprocessing = 0;
		};
/* End PBXSourcesBuildPhase section */

/* Begin XCBuildConfiguration section */
		9ED37BC42BE4FFB3006B5C58 /* Debug */ = {
			isa = XCBuildConfiguration;
			buildSettings = {
				ALWAYS_SEARCH_USER_PATHS = NO;
				ASSETCATALOG_COMPILER_GENERATE_SWIFT_ASSET_SYMBOL_EXTENSIONS = YES;
				CLANG_ANALYZER_NONNULL = YES;
				CLANG_ANALYZER_NUMBER_OBJECT_CONVERSION = YES_AGGRESSIVE;
				CLANG_CXX_LANGUAGE_STANDARD = "gnu++20";
				CLANG_ENABLE_MODULES = YES;
				CLANG_ENABLE_OBJC_ARC = YES;
				CLANG_ENABLE_OBJC_WEAK = YES;
				CLANG_WARN_BLOCK_CAPTURE_AUTORELEASING = YES;
				CLANG_WARN_BOOL_CONVERSION = YES;
				CLANG_WARN_COMMA = YES;
				CLANG_WARN_CONSTANT_CONVERSION = YES;
				CLANG_WARN_DEPRECATED_OBJC_IMPLEMENTATIONS = YES;
				CLANG_WARN_DIRECT_OBJC_ISA_USAGE = YES_ERROR;
				CLANG_WARN_DOCUMENTATION_COMMENTS = YES;
				CLANG_WARN_EMPTY_BODY = YES;
				CLANG_WARN_ENUM_CONVERSION = YES;
				CLANG_WARN_INFINITE_RECURSION = YES;
				CLANG_WARN_INT_CONVERSION = YES;
				CLANG_WARN_NON_LITERAL_NULL_CONVERSION = YES;
				CLANG_WARN_OBJC_IMPLICIT_RETAIN_SELF = YES;
				CLANG_WARN_OBJC_LITERAL_CONVERSION = YES;
				CLANG_WARN_OBJC_ROOT_CLASS = YES_ERROR;
				CLANG_WARN_QUOTED_INCLUDE_IN_FRAMEWORK_HEADER = YES;
				CLANG_WARN_RANGE_LOOP_ANALYSIS = YES;
				CLANG_WARN_STRICT_PROTOTYPES = YES;
				CLANG_WARN_SUSPICIOUS_MOVE = YES;
				CLANG_WARN_UNGUARDED_AVAILABILITY = YES_AGGRESSIVE;
				CLANG_WARN_UNREACHABLE_CODE = YES;
				CLANG_WARN__DUPLICATE_METHOD_MATCH = YES;
				COPY_PHASE_STRIP = NO;
				DEBUG_INFORMATION_FORMAT = dwarf;
				ENABLE_STRICT_OBJC_MSGSEND = YES;
				ENABLE_TESTABILITY = YES;
				ENABLE_USER_SCRIPT_SANDBOXING = YES;
				GCC_C_LANGUAGE_STANDARD = gnu17;
				GCC_DYNAMIC_NO_PIC = NO;
				GCC_NO_COMMON_BLOCKS = YES;
				GCC_OPTIMIZATION_LEVEL = 0;
				GCC_PREPROCESSOR_DEFINITIONS = (
					"DEBUG=1",
					"$(inherited)",
				);
				GCC_WARN_64_TO_32_BIT_CONVERSION = YES;
				GCC_WARN_ABOUT_RETURN_TYPE = YES_ERROR;
				GCC_WARN_UNDECLARED_SELECTOR = YES;
				GCC_WARN_UNINITIALIZED_AUTOS = YES_AGGRESSIVE;
				GCC_WARN_UNUSED_FUNCTION = YES;
				GCC_WARN_UNUSED_VARIABLE = YES;
				LOCALIZATION_PREFERS_STRING_CATALOGS = YES;
				MACOSX_DEPLOYMENT_TARGET = 14.1;
				MTL_ENABLE_DEBUG_INFO = INCLUDE_SOURCE;
				MTL_FAST_MATH = YES;
				ONLY_ACTIVE_ARCH = YES;
				SDKROOT = macosx;
				SWIFT_ACTIVE_COMPILATION_CONDITIONS = "DEBUG $(inherited)";
				SWIFT_OPTIMIZATION_LEVEL = "-Onone";
			};
			name = Debug;
		};
		9ED37BC52BE4FFB3006B5C58 /* Release */ = {
			isa = XCBuildConfiguration;
			buildSettings = {
				ALWAYS_SEARCH_USER_PATHS = NO;
				ASSETCATALOG_COMPILER_GENERATE_SWIFT_ASSET_SYMBOL_EXTENSIONS = YES;
				CLANG_ANALYZER_NONNULL = YES;
				CLANG_ANALYZER_NUMBER_OBJECT_CONVERSION = YES_AGGRESSIVE;
				CLANG_CXX_LANGUAGE_STANDARD = "gnu++20";
				CLANG_ENABLE_MODULES = YES;
				CLANG_ENABLE_OBJC_ARC = YES;
				CLANG_ENABLE_OBJC_WEAK = YES;
				CLANG_WARN_BLOCK_CAPTURE_AUTORELEASING = YES;
				CLANG_WARN_BOOL_CONVERSION = YES;
				CLANG_WARN_COMMA = YES;
				CLANG_WARN_CONSTANT_CONVERSION = YES;
				CLANG_WARN_DEPRECATED_OBJC_IMPLEMENTATIONS = YES;
				CLANG_WARN_DIRECT_OBJC_ISA_USAGE = YES_ERROR;
				CLANG_WARN_DOCUMENTATION_COMMENTS = YES;
				CLANG_WARN_EMPTY_BODY = YES;
				CLANG_WARN_ENUM_CONVERSION = YES;
				CLANG_WARN_INFINITE_RECURSION = YES;
				CLANG_WARN_INT_CONVERSION = YES;
				CLANG_WARN_NON_LITERAL_NULL_CONVERSION = YES;
				CLANG_WARN_OBJC_IMPLICIT_RETAIN_SELF = YES;
				CLANG_WARN_OBJC_LITERAL_CONVERSION = YES;
				CLANG_WARN_OBJC_ROOT_CLASS = YES_ERROR;
				CLANG_WARN_QUOTED_INCLUDE_IN_FRAMEWORK_HEADER = YES;
				CLANG_WARN_RANGE_LOOP_ANALYSIS = YES;
				CLANG_WARN_STRICT_PROTOTYPES = YES;
				CLANG_WARN_SUSPICIOUS_MOVE = YES;
				CLANG_WARN_UNGUARDED_AVAILABILITY = YES_AGGRESSIVE;
				CLANG_WARN_UNREACHABLE_CODE = YES;
				CLANG_WARN__DUPLICATE_METHOD_MATCH = YES;
				COPY_PHASE_STRIP = NO;
				DEBUG_INFORMATION_FORMAT = "dwarf-with-dsym";
				ENABLE_NS_ASSERTIONS = NO;
				ENABLE_STRICT_OBJC_MSGSEND = YES;
				ENABLE_USER_SCRIPT_SANDBOXING = YES;
				GCC_C_LANGUAGE_STANDARD = gnu17;
				GCC_NO_COMMON_BLOCKS = YES;
				GCC_WARN_64_TO_32_BIT_CONVERSION = YES;
				GCC_WARN_ABOUT_RETURN_TYPE = YES_ERROR;
				GCC_WARN_UNDECLARED_SELECTOR = YES;
				GCC_WARN_UNINITIALIZED_AUTOS = YES_AGGRESSIVE;
				GCC_WARN_UNUSED_FUNCTION = YES;
				GCC_WARN_UNUSED_VARIABLE = YES;
				LOCALIZATION_PREFERS_STRING_CATALOGS = YES;
				MACOSX_DEPLOYMENT_TARGET = 14.1;
				MTL_ENABLE_DEBUG_INFO = NO;
				MTL_FAST_MATH = YES;
				SDKROOT = macosx;
				SWIFT_COMPILATION_MODE = wholemodule;
			};
			name = Release;
		};
		9ED37BC72BE4FFB3006B5C58 /* Debug */ = {
			isa = XCBuildConfiguration;
			buildSettings = {
				ASSETCATALOG_COMPILER_APPICON_NAME = AppIcon;
				ASSETCATALOG_COMPILER_GLOBAL_ACCENT_COLOR_NAME = AccentColor;
				CODE_SIGN_ENTITLEMENTS = RecordKit/RecordKit.entitlements;
				CODE_SIGN_IDENTITY = "Apple Development";
				"CODE_SIGN_IDENTITY[sdk=macosx*]" = "Apple Development";
				CODE_SIGN_STYLE = Automatic;
				COMBINE_HIDPI_IMAGES = YES;
				CURRENT_PROJECT_VERSION = 1;
				DEVELOPMENT_ASSET_PATHS = "\"RecordKit/Preview Content\"";
				DEVELOPMENT_TEAM = 9PSUXL5XY5;
				ENABLE_PREVIEWS = YES;
				GENERATE_INFOPLIST_FILE = YES;
				INFOPLIST_FILE = RecordKit/Info.plist;
				INFOPLIST_KEY_NSHumanReadableCopyright = "";
				LD_RUNPATH_SEARCH_PATHS = (
					"$(inherited)",
					"@executable_path/../Frameworks",
				);
				MARKETING_VERSION = 1.0;
				PRODUCT_BUNDLE_IDENTIFIER = com.eli.RecordKit;
				PRODUCT_NAME = "$(TARGET_NAME)";
				PROVISIONING_PROFILE_SPECIFIER = "";
				SWIFT_EMIT_LOC_STRINGS = YES;
				SWIFT_VERSION = 5.0;
			};
			name = Debug;
		};
		9ED37BC82BE4FFB3006B5C58 /* Release */ = {
			isa = XCBuildConfiguration;
			buildSettings = {
				ASSETCATALOG_COMPILER_APPICON_NAME = AppIcon;
				ASSETCATALOG_COMPILER_GLOBAL_ACCENT_COLOR_NAME = AccentColor;
				CODE_SIGN_ENTITLEMENTS = RecordKit/RecordKit.entitlements;
				CODE_SIGN_IDENTITY = "Apple Development";
				"CODE_SIGN_IDENTITY[sdk=macosx*]" = "Apple Development";
				CODE_SIGN_STYLE = Automatic;
				COMBINE_HIDPI_IMAGES = YES;
				CURRENT_PROJECT_VERSION = 1;
				DEVELOPMENT_ASSET_PATHS = "\"RecordKit/Preview Content\"";
				DEVELOPMENT_TEAM = 9PSUXL5XY5;
				ENABLE_PREVIEWS = YES;
				GENERATE_INFOPLIST_FILE = YES;
				INFOPLIST_FILE = RecordKit/Info.plist;
				INFOPLIST_KEY_NSHumanReadableCopyright = "";
				LD_RUNPATH_SEARCH_PATHS = (
					"$(inherited)",
					"@executable_path/../Frameworks",
				);
				MARKETING_VERSION = 1.0;
				PRODUCT_BUNDLE_IDENTIFIER = com.eli.RecordKit;
				PRODUCT_NAME = "$(TARGET_NAME)";
				PROVISIONING_PROFILE_SPECIFIER = "";
				SWIFT_EMIT_LOC_STRINGS = YES;
				SWIFT_VERSION = 5.0;
			};
			name = Release;
		};
/* End XCBuildConfiguration section */

/* Begin XCConfigurationList section */
		9ED37BB22BE4FFB2006B5C58 /* Build configuration list for PBXProject "RecordKit" */ = {
			isa = XCConfigurationList;
			buildConfigurations = (
				9ED37BC42BE4FFB3006B5C58 /* Debug */,
				9ED37BC52BE4FFB3006B5C58 /* Release */,
			);
			defaultConfigurationIsVisible = 0;
			defaultConfigurationName = Release;
		};
		9ED37BC62BE4FFB3006B5C58 /* Build configuration list for PBXNativeTarget "RecordKit" */ = {
			isa = XCConfigurationList;
			buildConfigurations = (
				9ED37BC72BE4FFB3006B5C58 /* Debug */,
				9ED37BC82BE4FFB3006B5C58 /* Release */,
			);
			defaultConfigurationIsVisible = 0;
			defaultConfigurationName = Release;
		};
/* End XCConfigurationList section */
	};
	rootObject = 9ED37BAF2BE4FFB2006B5C58 /* Project object */;
}
